Microsoft Visual Studio Solution File, Format Version 12.00
# Visual Studio Version 17
VisualStudioVersion = 17.0.31903.59
MinimumVisualStudioVersion = 10.0.40219.1
Project("{FAE04EC0-301F-11D3-BF4B-00C04F79EFBC}") = "API", "API\API.csproj", "{C894332E-EA95-48B2-915A-2A5210396D84}"
EndProject
Project("{FAE04EC0-301F-11D3-BF4B-00C04F79EFBC}") = "Domain", "Domain\Domain.csproj", "{96947406-74B6-4801-AD98-C7F02F796635}"
EndProject
Project("{FAE04EC0-301F-11D3-BF4B-00C04F79EFBC}") = "Persistence", "Persistence\Persistence.csproj", "{092BEDA5-9296-4596-9A90-9DE6DB86914B}"
EndProject
Project("{FAE04EC0-301F-11D3-BF4B-00C04F79EFBC}") = "Application", "Application\Application.csproj", "{2FE57872-271F-47EA-AEC9-A823F564D164}"
EndProject
Global
	GlobalSection(SolutionConfigurationPlatforms) = preSolution
		Debug|Any CPU = Debug|Any CPU
		Release|Any CPU = Release|Any CPU
	EndGlobalSection
	GlobalSection(SolutionProperties) = preSolution
		HideSolutionNode = FALSE
	EndGlobalSection
	GlobalSection(ProjectConfigurationPlatforms) = postSolution
		{C894332E-EA95-48B2-915A-2A5210396D84}.Debug|Any CPU.ActiveCfg = Debug|Any CPU
		{C894332E-EA95-48B2-915A-2A5210396D84}.Debug|Any CPU.Build.0 = Debug|Any CPU
		{C894332E-EA95-48B2-915A-2A5210396D84}.Release|Any CPU.ActiveCfg = Release|Any CPU
		{C894332E-EA95-48B2-915A-2A5210396D84}.Release|Any CPU.Build.0 = Release|Any CPU
		{96947406-74B6-4801-AD98-C7F02F796635}.Debug|Any CPU.ActiveCfg = Debug|Any CPU
		{96947406-74B6-4801-AD98-C7F02F796635}.Debug|Any CPU.Build.0 = Debug|Any CPU
		{96947406-74B6-4801-AD98-C7F02F796635}.Release|Any CPU.ActiveCfg = Release|Any CPU
		{96947406-74B6-4801-AD98-C7F02F796635}.Release|Any CPU.Build.0 = Release|Any CPU
		{092BEDA5-9296-4596-9A90-9DE6DB86914B}.Debug|Any CPU.ActiveCfg = Debug|Any CPU
		{092BEDA5-9296-4596-9A90-9DE6DB86914B}.Debug|Any CPU.Build.0 = Debug|Any CPU
		{092BEDA5-9296-4596-9A90-9DE6DB86914B}.Release|Any CPU.ActiveCfg = Release|Any CPU
		{092BEDA5-9296-4596-9A90-9DE6DB86914B}.Release|Any CPU.Build.0 = Release|Any CPU
		{2FE57872-271F-47EA-AEC9-A823F564D164}.Debug|Any CPU.ActiveCfg = Debug|Any CPU
		{2FE57872-271F-47EA-AEC9-A823F564D164}.Debug|Any CPU.Build.0 = Debug|Any CPU
		{2FE57872-271F-47EA-AEC9-A823F564D164}.Release|Any CPU.ActiveCfg = Release|Any CPU
		{2FE57872-271F-47EA-AEC9-A823F564D164}.Release|Any CPU.Build.0 = Release|Any CPU
	EndGlobalSection
EndGlobal